
Microsoft Visual Studio Solution File, Format Version 12.00
# Visual Studio Version 17
VisualStudioVersion = 17.10.34607.79
MinimumVisualStudioVersion = 10.0.40219.1
Project("{FAE04EC0-301F-11D3-BF4B-00C04F79EFBC}") = "PaymentCard", "PaymentCard.csproj", "{8EE429E0-9AAE-4BAD-99BA-496DAF8FF775}"
EndProject
Global
	GlobalSection(SolutionConfigurationPlatforms) = preSolution
		Debug|Any CPU = Debug|Any CPU
		Release|Any CPU = Release|Any CPU
	EndGlobalSection
	GlobalSection(ProjectConfigurationPlatforms) = postSolution
		{8EE429E0-9AAE-4BAD-99BA-496DAF8FF775}.Debug|Any CPU.ActiveCfg = Debug|Any CPU
		{8EE429E0-9AAE-4BAD-99BA-496DAF8FF775}.Debug|Any CPU.Build.0 = Debug|Any CPU
		{8EE429E0-9AAE-4BAD-99BA-496DAF8FF775}.Release|Any CPU.ActiveCfg = Release|Any CPU
		{8EE429E0-9AAE-4BAD-99BA-496DAF8FF775}.Release|Any CPU.Build.0 = Release|Any CPU
	EndGlobalSection
	GlobalSection(SolutionProperties) = preSolution
		HideSolutionNode = FALSE
	EndGlobalSection
	GlobalSection(ExtensibilityGlobals) = postSolution
		SolutionGuid = {4AA63F14-0CD9-4DB0-A06E-6496FE0C221F}
	EndGlobalSection
EndGlobal
